
Microsoft Visual Studio Solution File, Format Version 12.00
# Visual Studio Version 16
VisualStudioVersion = 16.0.32228.343
MinimumVisualStudioVersion = 10.0.40219.1
Project("{FAE04EC0-301F-11D3-BF4B-00C04F79EFBC}") = "Aprel22", "Aprel22\Aprel22.csproj", "{AA7995EF-23C8-4980-BDDD-E63A7A77BBAB}"
EndProject
Global
	GlobalSection(SolutionConfigurationPlatforms) = preSolution
		Debug|Any CPU = Debug|Any CPU
		Release|Any CPU = Release|Any CPU
	EndGlobalSection
	GlobalSection(ProjectConfigurationPlatforms) = postSolution
		{AA7995EF-23C8-4980-BDDD-E63A7A77BBAB}.Debug|Any CPU.ActiveCfg = Debug|Any CPU
		{AA7995EF-23C8-4980-BDDD-E63A7A77BBAB}.Debug|Any CPU.Build.0 = Debug|Any CPU
		{AA7995EF-23C8-4980-BDDD-E63A7A77BBAB}.Release|Any CPU.ActiveCfg = Release|Any CPU
		{AA7995EF-23C8-4980-BDDD-E63A7A77BBAB}.Release|Any CPU.Build.0 = Release|Any CPU
	EndGlobalSection
	GlobalSection(SolutionProperties) = preSolution
		HideSolutionNode = FALSE
	EndGlobalSection
	GlobalSection(ExtensibilityGlobals) = postSolution
		SolutionGuid = {DA4857B4-8AA3-45E7-ABB4-CECC55A35222}
	EndGlobalSection
EndGlobal
